
Microsoft Visual Studio Solution File, Format Version 12.00
Project("{FAE04EC0-301F-11D3-BF4B-00C04F79EFBC}") = "Ugen.SourceGenerator", "Ugen.SourceGenerator\Ugen.SourceGenerator.csproj", "{80BE56C5-3DB2-4492-9CD1-19187BC512BF}"
EndProject
Global
	GlobalSection(SolutionConfigurationPlatforms) = preSolution
		Debug|Any CPU = Debug|Any CPU
		Release|Any CPU = Release|Any CPU
	EndGlobalSection
	GlobalSection(ProjectConfigurationPlatforms) = postSolution
		{80BE56C5-3DB2-4492-9CD1-19187BC512BF}.Debug|Any CPU.ActiveCfg = Debug|Any CPU
		{80BE56C5-3DB2-4492-9CD1-19187BC512BF}.Debug|Any CPU.Build.0 = Debug|Any CPU
		{80BE56C5-3DB2-4492-9CD1-19187BC512BF}.Release|Any CPU.ActiveCfg = Release|Any CPU
		{80BE56C5-3DB2-4492-9CD1-19187BC512BF}.Release|Any CPU.Build.0 = Release|Any CPU
	EndGlobalSection
EndGlobal
